
Microsoft Visual Studio Solution File, Format Version 11.00
# Visual Studio 2010
Project("{8BC9CEB8-8B4A-11D0-8D11-00A0C91BC942}") = "Cube rotation", "Cube rotation\Cube rotation.vcxproj", "{46A7E8A3-8940-44D2-AC3C-1D3E5D0D67CF}"
EndProject
Global
	GlobalSection(SolutionConfigurationPlatforms) = preSolution
		Debug|Win32 = Debug|Win32
		Release|Win32 = Release|Win32
	EndGlobalSection
	GlobalSection(ProjectConfigurationPlatforms) = postSolution
		{46A7E8A3-8940-44D2-AC3C-1D3E5D0D67CF}.Debug|Win32.ActiveCfg = Debug|Win32
		{46A7E8A3-8940-44D2-AC3C-1D3E5D0D67CF}.Debug|Win32.Build.0 = Debug|Win32
		{46A7E8A3-8940-44D2-AC3C-1D3E5D0D67CF}.Release|Win32.ActiveCfg = Release|Win32
		{46A7E8A3-8940-44D2-AC3C-1D3E5D0D67CF}.Release|Win32.Build.0 = Release|Win32
	EndGlobalSection
	GlobalSection(SolutionProperties) = preSolution
		HideSolutionNode = FALSE
	EndGlobalSection
EndGlobal
